# This file is autogenerated, do not edit; changes may be undone by the next 'dep ensure'.


[[projects]]
  name = "github.com/BurntSushi/toml"
  packages = ["."]
  revision = "b26d9c308763d68093482582cea63d69be07a0f0"
  version = "v0.3.0"

[[projects]]
  name = "mellium.im/cli"
  packages = ["."]
  revision = "983ea8a3ed0940b723ab4148c907ce31ddab66f6"
  version = "v0.0.2"

[solve-meta]
  analyzer-name = "dep"
  analyzer-version = 1
  inputs-digest = "7138d919e005062a85757105236047b77014404b996af268ad50610dc578070c"
  solver-name = "gps-cdcl"
  solver-version = 1
